// !$*UTF8*$!
{
	archiveVersion = 1;
	classes = {
	};
	objectVersion = 77;
	objects = {

/* Begin PBXContainerItemProxy section */
		EEB413A72DA5770E00B19EF5 /* PBXContainerItemProxy */ = {
			isa = PBXContainerItemProxy;
			containerPortal = EEB4138A2DA5770B00B19EF5 /* Project object */;
			proxyType = 1;
			remoteGlobalIDString = EEB413912DA5770C00B19EF5;
			remoteInfo = TrackMate;
		};
		EEB413B12DA5770E00B19EF5 /* PBXContainerItemProxy */ = {
			isa = PBXContainerItemProxy;
			containerPortal = EEB4138A2DA5770B00B19EF5 /* Project object */;
			proxyType = 1;
			remoteGlobalIDString = EEB413912DA5770C00B19EF5;
			remoteInfo = TrackMate;
		};
/* End PBXContainerItemProxy section */

/* Begin PBXFileReference section */
		EEB413922DA5770C00B19EF5 /* TrackMate.app */ = {isa = PBXFileReference; explicitFileType = wrapper.application; includeInIndex = 0; path = TrackMate.app; sourceTree = BUILT_PRODUCTS_DIR; };
		EEB413A62DA5770E00B19EF5 /* TrackMateTests.xctest */ = {isa = PBXFileReference; explicitFileType = wrapper.cfbundle; includeInIndex = 0; path = TrackMateTests.xctest; sourceTree = BUILT_PRODUCTS_DIR; };
		EEB413B02DA5770E00B19EF5 /* TrackMateUITests.xctest */ = {isa = PBXFileReference; explicitFileType = wrapper.cfbundle; includeInIndex = 0; path = TrackMateUITests.xctest; sourceTree = BUILT_PRODUCTS_DIR; };
/* End PBXFileReference section */

/* Begin PBXFileSystemSynchronizedBuildFileExceptionSet section */
		EEB413B82DA5770E00B19EF5 /* Exceptions for "TrackMate" folder in "TrackMate" target */ = {
			isa = PBXFileSystemSynchronizedBuildFileExceptionSet;
			membershipExceptions = (
				Info.plist,
			);
			target = EEB413912DA5770C00B19EF5 /* TrackMate */;
		};
/* End PBXFileSystemSynchronizedBuildFileExceptionSet section */

/* Begin PBXFileSystemSynchronizedRootGroup section */
		EEB413942DA5770C00B19EF5 /* TrackMate */ = {
			isa = PBXFileSystemSynchronizedRootGroup;
			exceptions = (
				EEB413B82DA5770E00B19EF5 /* Exceptions for "TrackMate" folder in "TrackMate" target */,
			);
			path = TrackMate;
			sourceTree = "<group>";
		};
		EEB413A92DA5770E00B19EF5 /* TrackMateTests */ = {
			isa = PBXFileSystemSynchronizedRootGroup;
			path = TrackMateTests;
			sourceTree = "<group>";
		};
		EEB413B32DA5770E00B19EF5 /* TrackMateUITests */ = {
			isa = PBXFileSystemSynchronizedRootGroup;
			path = TrackMateUITests;
			sourceTree = "<group>";
		};
/* End PBXFileSystemSynchronizedRootGroup section */

/* Begin PBXFrameworksBuildPhase section */
		EEB4138F2DA5770C00B19EF5 /* Frameworks */ = {
			isa = PBXFrameworksBuildPhase;
			buildActionMask = 2147483647;
			files = (
			);
			runOnlyForDeploymentPostprocessing = 0;
		};
		EEB413A32DA5770E00B19EF5 /* Frameworks */ = {
			isa = PBXFrameworksBuildPhase;
			buildActionMask = 2147483647;
			files = (
			);
			runOnlyForDeploymentPostprocessing = 0;
		};
		EEB413AD2DA5770E00B19EF5 /* Frameworks */ = {
			isa = PBXFrameworksBuildPhase;
			buildActionMask = 2147483647;
			files = (
			);
			runOnlyForDeploymentPostprocessing = 0;
		};
/* End PBXFrameworksBuildPhase section */

/* Begin PBXGroup section */
		EEB413892DA5770B00B19EF5 = {
			isa = PBXGroup;
			children = (
				EEB413942DA5770C00B19EF5 /* TrackMate */,
				EEB413A92DA5770E00B19EF5 /* TrackMateTests */,
				EEB413B32DA5770E00B19EF5 /* TrackMateUITests */,
				EEB413932DA5770C00B19EF5 /* Products */,
			);
			sourceTree = "<group>";
		};
		EEB413932DA5770C00B19EF5 /* Products */ = {
			isa = PBXGroup;
			children = (
				EEB413922DA5770C00B19EF5 /* TrackMate.app */,
				EEB413A62DA5770E00B19EF5 /* TrackMateTests.xctest */,
				EEB413B02DA5770E00B19EF5 /* TrackMateUITests.xctest */,
			);
			name = Products;
			sourceTree = "<group>";
		};
/* End PBXGroup section */

/* Begin PBXNativeTarget section */
		EEB413912DA5770C00B19EF5 /* TrackMate */ = {
			isa = PBXNativeTarget;
			buildConfigurationList = EEB413B92DA5770E00B19EF5 /* Build configuration list for PBXNativeTarget "TrackMate" */;
			buildPhases = (
				EEB4138E2DA5770C00B19EF5 /* Sources */,
				EEB4138F2DA5770C00B19EF5 /* Frameworks */,
				EEB413902DA5770C00B19EF5 /* Resources */,
			);
			buildRules = (
			);
			dependencies = (
			);
			fileSystemSynchronizedGroups = (
				EEB413942DA5770C00B19EF5 /* TrackMate */,
			);
			name = TrackMate;
			packageProductDependencies = (
			);
			productName = TrackMate;
			productReference = EEB413922DA5770C00B19EF5 /* TrackMate.app */;
			productType = "com.apple.product-type.application";
		};
		EEB413A52DA5770E00B19EF5 /* TrackMateTests */ = {
			isa = PBXNativeTarget;
			buildConfigurationList = EEB413BE2DA5770E00B19EF5 /* Build configuration list for PBXNativeTarget "TrackMateTests" */;
			buildPhases = (
				EEB413A22DA5770E00B19EF5 /* Sources */,
				EEB413A32DA5770E00B19EF5 /* Frameworks */,
				EEB413A42DA5770E00B19EF5 /* Resources */,
			);
			buildRules = (
			);
			dependencies = (
				EEB413A82DA5770E00B19EF5 /* PBXTargetDependency */,
			);
			fileSystemSynchronizedGroups = (
				EEB413A92DA5770E00B19EF5 /* TrackMateTests */,
			);
			name = TrackMateTests;
			packageProductDependencies = (
			);
			productName = TrackMateTests;
			productReference = EEB413A62DA5770E00B19EF5 /* TrackMateTests.xctest */;
			productType = "com.apple.product-type.bundle.unit-test";
		};
		EEB413AF2DA5770E00B19EF5 /* TrackMateUITests */ = {
			isa = PBXNativeTarget;
			buildConfigurationList = EEB413C12DA5770E00B19EF5 /* Build configuration list for PBXNativeTarget "TrackMateUITests" */;
			buildPhases = (
				EEB413AC2DA5770E00B19EF5 /* Sources */,
				EEB413AD2DA5770E00B19EF5 /* Frameworks */,
				EEB413AE2DA5770E00B19EF5 /* Resources */,
			);
			buildRules = (
			);
			dependencies = (
				EEB413B22DA5770E00B19EF5 /* PBXTargetDependency */,
			);
			fileSystemSynchronizedGroups = (
				EEB413B32DA5770E00B19EF5 /* TrackMateUITests */,
			);
			name = TrackMateUITests;
			packageProductDependencies = (
			);
			productName = TrackMateUITests;
			productReference = EEB413B02DA5770E00B19EF5 /* TrackMateUITests.xctest */;
			productType = "com.apple.product-type.bundle.ui-testing";
		};
/* End PBXNativeTarget section */

/* Begin PBXProject section */
		EEB4138A2DA5770B00B19EF5 /* Project object */ = {
			isa = PBXProject;
			attributes = {
				BuildIndependentTargetsInParallel = 1;
				LastSwiftUpdateCheck = 1630;
				LastUpgradeCheck = 1630;
				TargetAttributes = {
					EEB413912DA5770C00B19EF5 = {
						CreatedOnToolsVersion = 16.3;
					};
					EEB413A52DA5770E00B19EF5 = {
						CreatedOnToolsVersion = 16.3;
						TestTargetID = EEB413912DA5770C00B19EF5;
					};
					EEB413AF2DA5770E00B19EF5 = {
						CreatedOnToolsVersion = 16.3;
						TestTargetID = EEB413912DA5770C00B19EF5;
					};
				};
			};
			buildConfigurationList = EEB4138D2DA5770B00B19EF5 /* Build configuration list for PBXProject "TrackMate" */;
			developmentRegion = en;
			hasScannedForEncodings = 0;
			knownRegions = (
				en,
				Base,
			);
			mainGroup = EEB413892DA5770B00B19EF5;
			minimizedProjectReferenceProxies = 1;
			preferredProjectObjectVersion = 77;
			productRefGroup = EEB413932DA5770C00B19EF5 /* Products */;
			projectDirPath = "";
			projectRoot = "";
			targets = (
				EEB413912DA5770C00B19EF5 /* TrackMate */,
				EEB413A52DA5770E00B19EF5 /* TrackMateTests */,
				EEB413AF2DA5770E00B19EF5 /* TrackMateUITests */,
			);
		};
/* End PBXProject section */

/* Begin PBXResourcesBuildPhase section */
		EEB413902DA5770C00B19EF5 /* Resources */ = {
			isa = PBXResourcesBuildPhase;
			buildActionMask = 2147483647;
			files = (
			);
			runOnlyForDeploymentPostprocessing = 0;
		};
		EEB413A42DA5770E00B19EF5 /* Resources */ = {
			isa = PBXResourcesBuildPhase;
			buildActionMask = 2147483647;
			files = (
			);
			runOnlyForDeploymentPostprocessing = 0;
		};
		EEB413AE2DA5770E00B19EF5 /* Resources */ = {
			isa = PBXResourcesBuildPhase;
			buildActionMask = 2147483647;
			files = (
			);
			runOnlyForDeploymentPostprocessing = 0;
		};
/* End PBXResourcesBuildPhase section */

/* Begin PBXSourcesBuildPhase section */
		EEB4138E2DA5770C00B19EF5 /* Sources */ = {
			isa = PBXSourcesBuildPhase;
			buildActionMask = 2147483647;
			files = (
			);
			runOnlyForDeploymentPostprocessing = 0;
		};
		EEB413A22DA5770E00B19EF5 /* Sources */ = {
			isa = PBXSourcesBuildPhase;
			buildActionMask = 2147483647;
			files = (
			);
			runOnlyForDeploymentPostprocessing = 0;
		};
		EEB413AC2DA5770E00B19EF5 /* Sources */ = {
			isa = PBXSourcesBuildPhase;
			buildActionMask = 2147483647;
			files = (
			);
			runOnlyForDeploymentPostprocessing = 0;
		};
/* End PBXSourcesBuildPhase section */

/* Begin PBXTargetDependency section */
		EEB413A82DA5770E00B19EF5 /* PBXTargetDependency */ = {
			isa = PBXTargetDependency;
			target = EEB413912DA5770C00B19EF5 /* TrackMate */;
			targetProxy = EEB413A72DA5770E00B19EF5 /* PBXContainerItemProxy */;
		};
		EEB413B22DA5770E00B19EF5 /* PBXTargetDependency */ = {
			isa = PBXTargetDependency;
			target = EEB413912DA5770C00B19EF5 /* TrackMate */;
			targetProxy = EEB413B12DA5770E00B19EF5 /* PBXContainerItemProxy */;
		};
/* End PBXTargetDependency section */

/* Begin XCBuildConfiguration section */
		EEB413BA2DA5770E00B19EF5 /* Debug */ = {
			isa = XCBuildConfiguration;
			buildSettings = {
				ASSETCATALOG_COMPILER_APPICON_NAME = AppIcon;
				ASSETCATALOG_COMPILER_GLOBAL_ACCENT_COLOR_NAME = AccentColor;
				CODE_SIGN_ENTITLEMENTS = TrackMate/TrackMate.entitlements;
				CODE_SIGN_STYLE = Automatic;
				CURRENT_PROJECT_VERSION = 1;
				DEVELOPMENT_TEAM = 4VN6FC57ZY;
				ENABLE_PREVIEWS = YES;
				GENERATE_INFOPLIST_FILE = YES;
				INFOPLIST_FILE = TrackMate/Info.plist;
				INFOPLIST_KEY_UIApplicationSceneManifest_Generation = YES;
				INFOPLIST_KEY_UIApplicationSupportsIndirectInputEvents = YES;
				INFOPLIST_KEY_UILaunchScreen_Generation = YES;
				INFOPLIST_KEY_UISupportedInterfaceOrientations_iPad = "UIInterfaceOrientationPortrait UIInterfaceOrientationPortraitUpsideDown UIInterfaceOrientationLandscapeLeft UIInterfaceOrientationLandscapeRight";
				INFOPLIST_KEY_UISupportedInterfaceOrientations_iPhone = "UIInterfaceOrientationPortrait UIInterfaceOrientationLandscapeLeft UIInterfaceOrientationLandscapeRight";
				LD_RUNPATH_SEARCH_PATHS = (
					"$(inherited)",
					"@executable_path/Frameworks",
				);
				MARKETING_VERSION = 1.0;
				PRODUCT_BUNDLE_IDENTIFIER = "-VN6FC57ZY.TrackMate";
				PRODUCT_NAME = "$(TARGET_NAME)";
				SWIFT_EMIT_LOC_STRINGS = YES;
				SWIFT_VERSION = 5.0;
				TARGETED_DEVICE_FAMILY = "1,2";
			};
			name = Debug;
		};
		EEB413BB2DA5770E00B19EF5 /* Release */ = {
			isa = XCBuildConfiguration;
			buildSettings = {
				ASSETCATALOG_COMPILER_APPICON_NAME = AppIcon;
				ASSETCATALOG_COMPILER_GLOBAL_ACCENT_COLOR_NAME = AccentColor;
				CODE_SIGN_ENTITLEMENTS = TrackMate/TrackMate.entitlements;
				CODE_SIGN_STYLE = Automatic;
				CURRENT_PROJECT_VERSION = 1;
				DEVELOPMENT_TEAM = 4VN6FC57ZY;
				ENABLE_PREVIEWS = YES;
				GENERATE_INFOPLIST_FILE = YES;
				INFOPLIST_FILE = TrackMate/Info.plist;
				INFOPLIST_KEY_UIApplicationSceneManifest_Generation = YES;
				INFOPLIST_KEY_UIApplicationSupportsIndirectInputEvents = YES;
				INFOPLIST_KEY_UILaunchScreen_Generation = YES;
				INFOPLIST_KEY_UISupportedInterfaceOrientations_iPad = "UIInterfaceOrientationPortrait UIInterfaceOrientationPortraitUpsideDown UIInterfaceOrientationLandscapeLeft UIInterfaceOrientationLandscapeRight";
				INFOPLIST_KEY_UISupportedInterfaceOrientations_iPhone = "UIInterfaceOrientationPortrait UIInterfaceOrientationLandscapeLeft UIInterfaceOrientationLandscapeRight";
				LD_RUNPATH_SEARCH_PATHS = (
					"$(inherited)",
					"@executable_path/Frameworks",
				);
				MARKETING_VERSION = 1.0;
				PRODUCT_BUNDLE_IDENTIFIER = "-VN6FC57ZY.TrackMate";
				PRODUCT_NAME = "$(TARGET_NAME)";
				SWIFT_EMIT_LOC_STRINGS = YES;
				SWIFT_VERSION = 5.0;
				TARGETED_DEVICE_FAMILY = "1,2";
			};
			name = Release;
		};
		EEB413BC2DA5770E00B19EF5 /* Debug */ = {
			isa = XCBuildConfiguration;
			buildSettings = {
				ALWAYS_SEARCH_USER_PATHS = NO;
				ASSETCATALOG_COMPILER_GENERATE_SWIFT_ASSET_SYMBOL_EXTENSIONS = YES;
				CLANG_ANALYZER_NONNULL = YES;
				CLANG_ANALYZER_NUMBER_OBJECT_CONVERSION = YES_AGGRESSIVE;
				CLANG_CXX_LANGUAGE_STANDARD = "gnu++20";
				CLANG_ENABLE_MODULES = YES;
				CLANG_ENABLE_OBJC_ARC = YES;
				CLANG_ENABLE_OBJC_WEAK = YES;
				CLANG_WARN_BLOCK_CAPTURE_AUTORELEASING = YES;
				CLANG_WARN_BOOL_CONVERSION = YES;
				CLANG_WARN_COMMA = YES;
				CLANG_WARN_CONSTANT_CONVERSION = YES;
				CLANG_WARN_DEPRECATED_OBJC_IMPLEMENTATIONS = YES;
				CLANG_WARN_DIRECT_OBJC_ISA_USAGE = YES_ERROR;
				CLANG_WARN_DOCUMENTATION_COMMENTS = YES;
				CLANG_WARN_EMPTY_BODY = YES;
				CLANG_WARN_ENUM_CONVERSION = YES;
				CLANG_WARN_INFINITE_RECURSION = YES;
				CLANG_WARN_INT_CONVERSION = YES;
				CLANG_WARN_NON_LITERAL_NULL_CONVERSION = YES;
				CLANG_WARN_OBJC_IMPLICIT_RETAIN_SELF = YES;
				CLANG_WARN_OBJC_LITERAL_CONVERSION = YES;
				CLANG_WARN_OBJC_ROOT_CLASS = YES_ERROR;
				CLANG_WARN_QUOTED_INCLUDE_IN_FRAMEWORK_HEADER = YES;
				CLANG_WARN_RANGE_LOOP_ANALYSIS = YES;
				CLANG_WARN_STRICT_PROTOTYPES = YES;
				CLANG_WARN_SUSPICIOUS_MOVE = YES;
				CLANG_WARN_UNGUARDED_AVAILABILITY = YES_AGGRESSIVE;
				CLANG_WARN_UNREACHABLE_CODE = YES;
				CLANG_WARN__DUPLICATE_METHOD_MATCH = YES;
				COPY_PHASE_STRIP = NO;
				DEBUG_INFORMATION_FORMAT = dwarf;
				DEVELOPMENT_TEAM = 4VN6FC57ZY;
				ENABLE_STRICT_OBJC_MSGSEND = YES;
				ENABLE_TESTABILITY = YES;
				ENABLE_USER_SCRIPT_SANDBOXING = YES;
				GCC_C_LANGUAGE_STANDARD = gnu17;
				GCC_DYNAMIC_NO_PIC = NO;
				GCC_NO_COMMON_BLOCKS = YES;
				GCC_OPTIMIZATION_LEVEL = 0;
				GCC_PREPROCESSOR_DEFINITIONS = (
					"DEBUG=1",
					"$(inherited)",
				);
				GCC_WARN_64_TO_32_BIT_CONVERSION = YES;
				GCC_WARN_ABOUT_RETURN_TYPE = YES_ERROR;
				GCC_WARN_UNDECLARED_SELECTOR = YES;
				GCC_WARN_UNINITIALIZED_AUTOS = YES_AGGRESSIVE;
				GCC_WARN_UNUSED_FUNCTION = YES;
				GCC_WARN_UNUSED_VARIABLE = YES;
				IPHONEOS_DEPLOYMENT_TARGET = 18.4;
				LOCALIZATION_PREFERS_STRING_CATALOGS = YES;
				MTL_ENABLE_DEBUG_INFO = INCLUDE_SOURCE;
				MTL_FAST_MATH = YES;
				ONLY_ACTIVE_ARCH = YES;
				SDKROOT = iphoneos;
				SWIFT_ACTIVE_COMPILATION_CONDITIONS = "DEBUG $(inherited)";
				SWIFT_OPTIMIZATION_LEVEL = "-Onone";
			};
			name = Debug;
		};
		EEB413BD2DA5770E00B19EF5 /* Release */ = {
			isa = XCBuildConfiguration;
			buildSettings = {
				ALWAYS_SEARCH_USER_PATHS = NO;
				ASSETCATALOG_COMPILER_GENERATE_SWIFT_ASSET_SYMBOL_EXTENSIONS = YES;
				CLANG_ANALYZER_NONNULL = YES;
				CLANG_ANALYZER_NUMBER_OBJECT_CONVERSION = YES_AGGRESSIVE;
				CLANG_CXX_LANGUAGE_STANDARD = "gnu++20";
				CLANG_ENABLE_MODULES = YES;
				CLANG_ENABLE_OBJC_ARC = YES;
				CLANG_ENABLE_OBJC_WEAK = YES;
				CLANG_WARN_BLOCK_CAPTURE_AUTORELEASING = YES;
				CLANG_WARN_BOOL_CONVERSION = YES;
				CLANG_WARN_COMMA = YES;
				CLANG_WARN_CONSTANT_CONVERSION = YES;
				CLANG_WARN_DEPRECATED_OBJC_IMPLEMENTATIONS = YES;
				CLANG_WARN_DIRECT_OBJC_ISA_USAGE = YES_ERROR;
				CLANG_WARN_DOCUMENTATION_COMMENTS = YES;
				CLANG_WARN_EMPTY_BODY = YES;
				CLANG_WARN_ENUM_CONVERSION = YES;
				CLANG_WARN_INFINITE_RECURSION = YES;
				CLANG_WARN_INT_CONVERSION = YES;
				CLANG_WARN_NON_LITERAL_NULL_CONVERSION = YES;
				CLANG_WARN_OBJC_IMPLICIT_RETAIN_SELF = YES;
				CLANG_WARN_OBJC_LITERAL_CONVERSION = YES;
				CLANG_WARN_OBJC_ROOT_CLASS = YES_ERROR;
				CLANG_WARN_QUOTED_INCLUDE_IN_FRAMEWORK_HEADER = YES;
				CLANG_WARN_RANGE_LOOP_ANALYSIS = YES;
				CLANG_WARN_STRICT_PROTOTYPES = YES;
				CLANG_WARN_SUSPICIOUS_MOVE = YES;
				CLANG_WARN_UNGUARDED_AVAILABILITY = YES_AGGRESSIVE;
				CLANG_WARN_UNREACHABLE_CODE = YES;
				CLANG_WARN__DUPLICATE_METHOD_MATCH = YES;
				COPY_PHASE_STRIP = NO;
				DEBUG_INFORMATION_FORMAT = "dwarf-with-dsym";
				DEVELOPMENT_TEAM = 4VN6FC57ZY;
				ENABLE_NS_ASSERTIONS = NO;
				ENABLE_STRICT_OBJC_MSGSEND = YES;
				ENABLE_USER_SCRIPT_SANDBOXING = YES;
				GCC_C_LANGUAGE_STANDARD = gnu17;
				GCC_NO_COMMON_BLOCKS = YES;
				GCC_WARN_64_TO_32_BIT_CONVERSION = YES;
				GCC_WARN_ABOUT_RETURN_TYPE = YES_ERROR;
				GCC_WARN_UNDECLARED_SELECTOR = YES;
				GCC_WARN_UNINITIALIZED_AUTOS = YES_AGGRESSIVE;
				GCC_WARN_UNUSED_FUNCTION = YES;
				GCC_WARN_UNUSED_VARIABLE = YES;
				IPHONEOS_DEPLOYMENT_TARGET = 18.4;
				LOCALIZATION_PREFERS_STRING_CATALOGS = YES;
				MTL_ENABLE_DEBUG_INFO = NO;
				MTL_FAST_MATH = YES;
				SDKROOT = iphoneos;
				SWIFT_COMPILATION_MODE = wholemodule;
				VALIDATE_PRODUCT = YES;
			};
			name = Release;
		};
		EEB413BF2DA5770E00B19EF5 /* Debug */ = {
			isa = XCBuildConfiguration;
			buildSettings = {
				BUNDLE_LOADER = "$(TEST_HOST)";
				CODE_SIGN_STYLE = Automatic;
				CURRENT_PROJECT_VERSION = 1;
				DEVELOPMENT_TEAM = 4VN6FC57ZY;
				GENERATE_INFOPLIST_FILE = YES;
				IPHONEOS_DEPLOYMENT_TARGET = 18.4;
				MARKETING_VERSION = 1.0;
				PRODUCT_BUNDLE_IDENTIFIER = "-VN6FC57ZY.TrackMateTests";
				PRODUCT_NAME = "$(TARGET_NAME)";
				SWIFT_EMIT_LOC_STRINGS = NO;
				SWIFT_VERSION = 5.0;
				TARGETED_DEVICE_FAMILY = "1,2";
				TEST_HOST = "$(BUILT_PRODUCTS_DIR)/TrackMate.app/$(BUNDLE_EXECUTABLE_FOLDER_PATH)/TrackMate";
			};
			name = Debug;
		};
		EEB413C02DA5770E00B19EF5 /* Release */ = {
			isa = XCBuildConfiguration;
			buildSettings = {
				BUNDLE_LOADER = "$(TEST_HOST)";
				CODE_SIGN_STYLE = Automatic;
				CURRENT_PROJECT_VERSION = 1;
				DEVELOPMENT_TEAM = 4VN6FC57ZY;
				GENERATE_INFOPLIST_FILE = YES;
				IPHONEOS_DEPLOYMENT_TARGET = 18.4;
				MARKETING_VERSION = 1.0;
				PRODUCT_BUNDLE_IDENTIFIER = "-VN6FC57ZY.TrackMateTests";
				PRODUCT_NAME = "$(TARGET_NAME)";
				SWIFT_EMIT_LOC_STRINGS = NO;
				SWIFT_VERSION = 5.0;
				TARGETED_DEVICE_FAMILY = "1,2";
				TEST_HOST = "$(BUILT_PRODUCTS_DIR)/TrackMate.app/$(BUNDLE_EXECUTABLE_FOLDER_PATH)/TrackMate";
			};
			name = Release;
		};
		EEB413C22DA5770E00B19EF5 /* Debug */ = {
			isa = XCBuildConfiguration;
			buildSettings = {
				CODE_SIGN_STYLE = Automatic;
				CURRENT_PROJECT_VERSION = 1;
				DEVELOPMENT_TEAM = 4VN6FC57ZY;
				GENERATE_INFOPLIST_FILE = YES;
				MARKETING_VERSION = 1.0;
				PRODUCT_BUNDLE_IDENTIFIER = "-VN6FC57ZY.TrackMateUITests";
				PRODUCT_NAME = "$(TARGET_NAME)";
				SWIFT_EMIT_LOC_STRINGS = NO;
				SWIFT_VERSION = 5.0;
				TARGETED_DEVICE_FAMILY = "1,2";
				TEST_TARGET_NAME = TrackMate;
			};
			name = Debug;
		};
		EEB413C32DA5770E00B19EF5 /* Release */ = {
			isa = XCBuildConfiguration;
			buildSettings = {
				CODE_SIGN_STYLE = Automatic;
				CURRENT_PROJECT_VERSION = 1;
				DEVELOPMENT_TEAM = 4VN6FC57ZY;
				GENERATE_INFOPLIST_FILE = YES;
				MARKETING_VERSION = 1.0;
				PRODUCT_BUNDLE_IDENTIFIER = "-VN6FC57ZY.TrackMateUITests";
				PRODUCT_NAME = "$(TARGET_NAME)";
				SWIFT_EMIT_LOC_STRINGS = NO;
				SWIFT_VERSION = 5.0;
				TARGETED_DEVICE_FAMILY = "1,2";
				TEST_TARGET_NAME = TrackMate;
			};
			name = Release;
		};
/* End XCBuildConfiguration section */

/* Begin XCConfigurationList section */
		EEB4138D2DA5770B00B19EF5 /* Build configuration list for PBXProject "TrackMate" */ = {
			isa = XCConfigurationList;
			buildConfigurations = (
				EEB413BC2DA5770E00B19EF5 /* Debug */,
				EEB413BD2DA5770E00B19EF5 /* Release */,
			);
			defaultConfigurationIsVisible = 0;
			defaultConfigurationName = Release;
		};
		EEB413B92DA5770E00B19EF5 /* Build configuration list for PBXNativeTarget "TrackMate" */ = {
			isa = XCConfigurationList;
			buildConfigurations = (
				EEB413BA2DA5770E00B19EF5 /* Debug */,
				EEB413BB2DA5770E00B19EF5 /* Release */,
			);
			defaultConfigurationIsVisible = 0;
			defaultConfigurationName = Release;
		};
		EEB413BE2DA5770E00B19EF5 /* Build configuration list for PBXNativeTarget "TrackMateTests" */ = {
			isa = XCConfigurationList;
			buildConfigurations = (
				EEB413BF2DA5770E00B19EF5 /* Debug */,
				EEB413C02DA5770E00B19EF5 /* Release */,
			);
			defaultConfigurationIsVisible = 0;
			defaultConfigurationName = Release;
		};
		EEB413C12DA5770E00B19EF5 /* Build configuration list for PBXNativeTarget "TrackMateUITests" */ = {
			isa = XCConfigurationList;
			buildConfigurations = (
				EEB413C22DA5770E00B19EF5 /* Debug */,
				EEB413C32DA5770E00B19EF5 /* Release */,
			);
			defaultConfigurationIsVisible = 0;
			defaultConfigurationName = Release;
		};
/* End XCConfigurationList section */
	};
	rootObject = EEB4138A2DA5770B00B19EF5 /* Project object */;
}
